// !$*UTF8*$!
{
	archiveVersion = 1;
	classes = {
	};
	objectVersion = 50;
	objects = {

/* Begin PBXBuildFile section */
		EF545C8F242C598D00377E01 /* ReadingIcon@2x.png in Resources */ = {isa = PBXBuildFile; fileRef = EF545C8C242C598C00377E01 /* ReadingIcon@2x.png */; };
		EF545C90242C598D00377E01 /* PersonalCenterIcon@2x.png in Resources */ = {isa = PBXBuildFile; fileRef = EF545C8D242C598C00377E01 /* PersonalCenterIcon@2x.png */; };
		EF545C91242C598D00377E01 /* SettingsIcon@2x.png in Resources */ = {isa = PBXBuildFile; fileRef = EF545C8E242C598C00377E01 /* SettingsIcon@2x.png */; };
		EF545C94242C84BC00377E01 /* QLMarkModel.m in Sources */ = {isa = PBXBuildFile; fileRef = EF545C93242C84BC00377E01 /* QLMarkModel.m */; };
		EF545C97242C884A00377E01 /* bookMarkTag.png in Resources */ = {isa = PBXBuildFile; fileRef = EF545C95242C884A00377E01 /* bookMarkTag.png */; };
		EF545C98242C884A00377E01 /* Mark@2x.png in Resources */ = {isa = PBXBuildFile; fileRef = EF545C96242C884A00377E01 /* Mark@2x.png */; };
		EF545C9B242C976B00377E01 /* QLBookMarkVC.m in Sources */ = {isa = PBXBuildFile; fileRef = EF545C9A242C976B00377E01 /* QLBookMarkVC.m */; };
		EF8DDC26242246010091462B /* AppDelegate.m in Sources */ = {isa = PBXBuildFile; fileRef = EF8DDC25242246010091462B /* AppDelegate.m */; };
		EF8DDC29242246010091462B /* SceneDelegate.m in Sources */ = {isa = PBXBuildFile; fileRef = EF8DDC28242246010091462B /* SceneDelegate.m */; };
		EF8DDC2C242246010091462B /* ViewController.m in Sources */ = {isa = PBXBuildFile; fileRef = EF8DDC2B242246010091462B /* ViewController.m */; };
		EF8DDC2F242246010091462B /* Main.storyboard in Resources */ = {isa = PBXBuildFile; fileRef = EF8DDC2D242246010091462B /* Main.storyboard */; };
		EF8DDC31242246040091462B /* Assets.xcassets in Resources */ = {isa = PBXBuildFile; fileRef = EF8DDC30242246040091462B /* Assets.xcassets */; };
		EF8DDC34242246040091462B /* LaunchScreen.storyboard in Resources */ = {isa = PBXBuildFile; fileRef = EF8DDC32242246040091462B /* LaunchScreen.storyboard */; };
		EF8DDC37242246040091462B /* main.m in Sources */ = {isa = PBXBuildFile; fileRef = EF8DDC36242246040091462B /* main.m */; };
		EF8DDC9A242246740091462B /* 最强全才.txt in Resources */ = {isa = PBXBuildFile; fileRef = EF8DDC40242246730091462B /* 最强全才.txt */; };
		EF8DDC9B242246740091462B /* reader_cover.png in Resources */ = {isa = PBXBuildFile; fileRef = EF8DDC41242246730091462B /* reader_cover.png */; };
		EF8DDC9C242246740091462B /* bg_back_white.png in Resources */ = {isa = PBXBuildFile; fileRef = EF8DDC42242246730091462B /* bg_back_white.png */; };
		EF8DDC9E242246740091462B /* Personalpage.jpg in Resources */ = {isa = PBXBuildFile; fileRef = EF8DDC44242246730091462B /* Personalpage.jpg */; };
		EF8DDC9F242246740091462B /* 大主宰.txt in Resources */ = {isa = PBXBuildFile; fileRef = EF8DDC45242246730091462B /* 大主宰.txt */; };
		EF8DDCA0242246740091462B /* 按钮.png in Resources */ = {isa = PBXBuildFile; fileRef = EF8DDC46242246730091462B /* 按钮.png */; };
		EF8DDCA1242246740091462B /* 斗破苍穹.txt in Resources */ = {isa = PBXBuildFile; fileRef = EF8DDC47242246730091462B /* 斗破苍穹.txt */; };
		EF8DDCA2242246740091462B /* BookCover.jpg in Resources */ = {isa = PBXBuildFile; fileRef = EF8DDC48242246730091462B /* BookCover.jpg */; };
		EF8DDCA3242246740091462B /* 遮天.txt in Resources */ = {isa = PBXBuildFile; fileRef = EF8DDC49242246730091462B /* 遮天.txt */; };
		EF8DDCA4242246740091462B /* 民调局异闻录.txt in Resources */ = {isa = PBXBuildFile; fileRef = EF8DDC4A242246730091462B /* 民调局异闻录.txt */; };
		EF8DDCA5242246740091462B /* HomePage.jpg in Resources */ = {isa = PBXBuildFile; fileRef = EF8DDC4B242246730091462B /* HomePage.jpg */; };
		EF8DDCA6242246740091462B /* 最强全才.jpg in Resources */ = {isa = PBXBuildFile; fileRef = EF8DDC4D242246730091462B /* 最强全才.jpg */; };
		EF8DDCA7242246740091462B /* 神印王座.jpg in Resources */ = {isa = PBXBuildFile; fileRef = EF8DDC4E242246730091462B /* 神印王座.jpg */; };
		EF8DDCA8242246740091462B /* 斗破苍穹.jpg in Resources */ = {isa = PBXBuildFile; fileRef = EF8DDC4F242246730091462B /* 斗破苍穹.jpg */; };
		EF8DDCA9242246740091462B /* 大主宰.jpg in Resources */ = {isa = PBXBuildFile; fileRef = EF8DDC50242246730091462B /* 大主宰.jpg */; };
		EF8DDCAA242246740091462B /* 遮天.jpg in Resources */ = {isa = PBXBuildFile; fileRef = EF8DDC51242246730091462B /* 遮天.jpg */; };
		EF8DDCAB242246740091462B /* 民调局异闻录.jpg in Resources */ = {isa = PBXBuildFile; fileRef = EF8DDC52242246730091462B /* 民调局异闻录.jpg */; };
		EF8DDCAD242246740091462B /* Avatar1.jpeg in Resources */ = {isa = PBXBuildFile; fileRef = EF8DDC54242246730091462B /* Avatar1.jpeg */; };
		EF8DDCAE242246740091462B /* 神印王座.txt in Resources */ = {isa = PBXBuildFile; fileRef = EF8DDC55242246730091462B /* 神印王座.txt */; };
		EF8DDCAF242246740091462B /* QLReadPageViewController.m in Sources */ = {isa = PBXBuildFile; fileRef = EF8DDC56242246730091462B /* QLReadPageViewController.m */; };
		EF8DDCB0242246740091462B /* klotFeedVC.m in Sources */ = {isa = PBXBuildFile; fileRef = EF8DDC5B242246730091462B /* klotFeedVC.m */; };
		EF8DDCBB242246740091462B /* UIImage+ImageEffects.m in Sources */ = {isa = PBXBuildFile; fileRef = EF8DDC78242246730091462B /* UIImage+ImageEffects.m */; };
		EF8DDCBC242246740091462B /* QLReadConfig.m in Sources */ = {isa = PBXBuildFile; fileRef = EF8DDC7A242246730091462B /* QLReadConfig.m */; };
		EF8DDCBD242246740091462B /* QLReadParser.m in Sources */ = {isa = PBXBuildFile; fileRef = EF8DDC7B242246730091462B /* QLReadParser.m */; };
		EF8DDCBE242246740091462B /* QLtapMenuView.m in Sources */ = {isa = PBXBuildFile; fileRef = EF8DDC81242246730091462B /* QLtapMenuView.m */; };
		EF8DDCBF242246740091462B /* QLReadView.m in Sources */ = {isa = PBXBuildFile; fileRef = EF8DDC82242246730091462B /* QLReadView.m */; };
		EF8DDCC0242246740091462B /* PersonPageView.m in Sources */ = {isa = PBXBuildFile; fileRef = EF8DDC83242246730091462B /* PersonPageView.m */; };
		EF8DDCC1242246740091462B /* ReaderHomeView.m in Sources */ = {isa = PBXBuildFile; fileRef = EF8DDC84242246730091462B /* ReaderHomeView.m */; };
		EF8DDCC2242246740091462B /* QLTopMenuView.m in Sources */ = {isa = PBXBuildFile; fileRef = EF8DDC85242246730091462B /* QLTopMenuView.m */; };
		EF8DDCC3242246740091462B /* QLBottomMenuView.m in Sources */ = {isa = PBXBuildFile; fileRef = EF8DDC86242246730091462B /* QLBottomMenuView.m */; };
		EF8DDCC4242246740091462B /* PersonalCenterPageViewController.m in Sources */ = {isa = PBXBuildFile; fileRef = EF8DDC8A242246730091462B /* PersonalCenterPageViewController.m */; };
		EF8DDCC5242246740091462B /* QLMenuCataLogViewController.m in Sources */ = {isa = PBXBuildFile; fileRef = EF8DDC8B242246730091462B /* QLMenuCataLogViewController.m */; };
		EF8DDCC6242246740091462B /* QLReadViewController.m in Sources */ = {isa = PBXBuildFile; fileRef = EF8DDC8C242246730091462B /* QLReadViewController.m */; };
		EF8DDCC7242246740091462B /* QLReadRecordModel.m in Sources */ = {isa = PBXBuildFile; fileRef = EF8DDC92242246730091462B /* QLReadRecordModel.m */; };
		EF8DDCC8242246740091462B /* QLReaderChapterModel.m in Sources */ = {isa = PBXBuildFile; fileRef = EF8DDC93242246730091462B /* QLReaderChapterModel.m */; };
		EF8DDCC9242246740091462B /* QLReadBookModel.m in Sources */ = {isa = PBXBuildFile; fileRef = EF8DDC94242246730091462B /* QLReadBookModel.m */; };
		EF8DDCCA242246740091462B /* QLMenuChapterVC.m in Sources */ = {isa = PBXBuildFile; fileRef = EF8DDC96242246740091462B /* QLMenuChapterVC.m */; };
		EF8DDCCB242246740091462B /* ReaderHomeViewController.m in Sources */ = {isa = PBXBuildFile; fileRef = EF8DDC98242246740091462B /* ReaderHomeViewController.m */; };
		EF913E482428900800117454 /* QLTapMenuViewController.m in Sources */ = {isa = PBXBuildFile; fileRef = EF913E472428900800117454 /* QLTapMenuViewController.m */; };
		EF9FE5CC2429F6D200C04404 /* BookSettingsViewController.m in Sources */ = {isa = PBXBuildFile; fileRef = EF9FE5CB2429F6D200C04404 /* BookSettingsViewController.m */; };
		EF9FE5CF2429F6F200C04404 /* BookSettingsView.m in Sources */ = {isa = PBXBuildFile; fileRef = EF9FE5CE2429F6F200C04404 /* BookSettingsView.m */; };
/* End PBXBuildFile section */

/* Begin PBXFileReference section */
		EF545C8C242C598C00377E01 /* ReadingIcon@2x.png */ = {isa = PBXFileReference; lastKnownFileType = image.png; path = "ReadingIcon@2x.png"; sourceTree = "<group>"; };
		EF545C8D242C598C00377E01 /* PersonalCenterIcon@2x.png */ = {isa = PBXFileReference; lastKnownFileType = image.png; path = "PersonalCenterIcon@2x.png"; sourceTree = "<group>"; };
		EF545C8E242C598C00377E01 /* SettingsIcon@2x.png */ = {isa = PBXFileReference; lastKnownFileType = image.png; path = "SettingsIcon@2x.png"; sourceTree = "<group>"; };
		EF545C92242C84BC00377E01 /* QLMarkModel.h */ = {isa = PBXFileReference; lastKnownFileType = sourcecode.c.h; path = QLMarkModel.h; sourceTree = "<group>"; };
		EF545C93242C84BC00377E01 /* QLMarkModel.m */ = {isa = PBXFileReference; lastKnownFileType = sourcecode.c.objc; path = QLMarkModel.m; sourceTree = "<group>"; };
		EF545C95242C884A00377E01 /* bookMarkTag.png */ = {isa = PBXFileReference; lastKnownFileType = image.png; path = bookMarkTag.png; sourceTree = "<group>"; };
		EF545C96242C884A00377E01 /* Mark@2x.png */ = {isa = PBXFileReference; lastKnownFileType = image.png; path = "Mark@2x.png"; sourceTree = "<group>"; };
		EF545C99242C976B00377E01 /* QLBookMarkVC.h */ = {isa = PBXFileReference; lastKnownFileType = sourcecode.c.h; path = QLBookMarkVC.h; sourceTree = "<group>"; };
		EF545C9A242C976B00377E01 /* QLBookMarkVC.m */ = {isa = PBXFileReference; lastKnownFileType = sourcecode.c.objc; path = QLBookMarkVC.m; sourceTree = "<group>"; };
		EF8DDC21242246010091462B /* QLReader.app */ = {isa = PBXFileReference; explicitFileType = wrapper.application; includeInIndex = 0; path = QLReader.app; sourceTree = BUILT_PRODUCTS_DIR; };
		EF8DDC24242246010091462B /* AppDelegate.h */ = {isa = PBXFileReference; lastKnownFileType = sourcecode.c.h; path = AppDelegate.h; sourceTree = "<group>"; };
		EF8DDC25242246010091462B /* AppDelegate.m */ = {isa = PBXFileReference; lastKnownFileType = sourcecode.c.objc; path = AppDelegate.m; sourceTree = "<group>"; };
		EF8DDC27242246010091462B /* SceneDelegate.h */ = {isa = PBXFileReference; lastKnownFileType = sourcecode.c.h; path = SceneDelegate.h; sourceTree = "<group>"; };
		EF8DDC28242246010091462B /* SceneDelegate.m */ = {isa = PBXFileReference; lastKnownFileType = sourcecode.c.objc; path = SceneDelegate.m; sourceTree = "<group>"; };
		EF8DDC2A242246010091462B /* ViewController.h */ = {isa = PBXFileReference; lastKnownFileType = sourcecode.c.h; path = ViewController.h; sourceTree = "<group>"; };
		EF8DDC2B242246010091462B /* ViewController.m */ = {isa = PBXFileReference; lastKnownFileType = sourcecode.c.objc; path = ViewController.m; sourceTree = "<group>"; };
		EF8DDC2E242246010091462B /* Base */ = {isa = PBXFileReference; lastKnownFileType = file.storyboard; name = Base; path = Base.lproj/Main.storyboard; sourceTree = "<group>"; };
		EF8DDC30242246040091462B /* Assets.xcassets */ = {isa = PBXFileReference; lastKnownFileType = folder.assetcatalog; path = Assets.xcassets; sourceTree = "<group>"; };
		EF8DDC33242246040091462B /* Base */ = {isa = PBXFileReference; lastKnownFileType = file.storyboard; name = Base; path = Base.lproj/LaunchScreen.storyboard; sourceTree = "<group>"; };
		EF8DDC35242246040091462B /* Info.plist */ = {isa = PBXFileReference; lastKnownFileType = text.plist.xml; path = Info.plist; sourceTree = "<group>"; };
		EF8DDC36242246040091462B /* main.m */ = {isa = PBXFileReference; lastKnownFileType = sourcecode.c.objc; path = main.m; sourceTree = "<group>"; };
		EF8DDC3D242246730091462B /* PersonalCenterPageViewController.h */ = {isa = PBXFileReference; fileEncoding = 4; lastKnownFileType = sourcecode.c.h; path = PersonalCenterPageViewController.h; sourceTree = "<group>"; };
		EF8DDC3E242246730091462B /* QLReadViewController.h */ = {isa = PBXFileReference; fileEncoding = 4; lastKnownFileType = sourcecode.c.h; path = QLReadViewController.h; sourceTree = "<group>"; };
		EF8DDC40242246730091462B /* 最强全才.txt */ = {isa = PBXFileReference; fileEncoding = 4; lastKnownFileType = text; path = "最强全才.txt"; sourceTree = "<group>"; };
		EF8DDC41242246730091462B /* reader_cover.png */ = {isa = PBXFileReference; lastKnownFileType = image.png; path = reader_cover.png; sourceTree = "<group>"; };
		EF8DDC42242246730091462B /* bg_back_white.png */ = {isa = PBXFileReference; lastKnownFileType = image.png; path = bg_back_white.png; sourceTree = "<group>"; };
		EF8DDC44242246730091462B /* Personalpage.jpg */ = {isa = PBXFileReference; lastKnownFileType = image.jpeg; path = Personalpage.jpg; sourceTree = "<group>"; };
		EF8DDC45242246730091462B /* 大主宰.txt */ = {isa = PBXFileReference; fileEncoding = 4; lastKnownFileType = text; path = "大主宰.txt"; sourceTree = "<group>"; };
		EF8DDC46242246730091462B /* 按钮.png */ = {isa = PBXFileReference; lastKnownFileType = image.png; path = "按钮.png"; sourceTree = "<group>"; };
		EF8DDC47242246730091462B /* 斗破苍穹.txt */ = {isa = PBXFileReference; fileEncoding = 4; lastKnownFileType = text; path = "斗破苍穹.txt"; sourceTree = "<group>"; };
		EF8DDC48242246730091462B /* BookCover.jpg */ = {isa = PBXFileReference; lastKnownFileType = image.jpeg; path = BookCover.jpg; sourceTree = "<group>"; };
		EF8DDC49242246730091462B /* 遮天.txt */ = {isa = PBXFileReference; fileEncoding = 4; lastKnownFileType = text; path = "遮天.txt"; sourceTree = "<group>"; };
		EF8DDC4A242246730091462B /* 民调局异闻录.txt */ = {isa = PBXFileReference; fileEncoding = 4; lastKnownFileType = text; path = "民调局异闻录.txt"; sourceTree = "<group>"; };
		EF8DDC4B242246730091462B /* HomePage.jpg */ = {isa = PBXFileReference; lastKnownFileType = image.jpeg; path = HomePage.jpg; sourceTree = "<group>"; };
		EF8DDC4D242246730091462B /* 最强全才.jpg */ = {isa = PBXFileReference; lastKnownFileType = image.jpeg; path = "最强全才.jpg"; sourceTree = "<group>"; };
		EF8DDC4E242246730091462B /* 神印王座.jpg */ = {isa = PBXFileReference; lastKnownFileType = image.jpeg; path = "神印王座.jpg"; sourceTree = "<group>"; };
		EF8DDC4F242246730091462B /* 斗破苍穹.jpg */ = {isa = PBXFileReference; lastKnownFileType = image.jpeg; path = "斗破苍穹.jpg"; sourceTree = "<group>"; };
		EF8DDC50242246730091462B /* 大主宰.jpg */ = {isa = PBXFileReference; lastKnownFileType = image.jpeg; path = "大主宰.jpg"; sourceTree = "<group>"; };
		EF8DDC51242246730091462B /* 遮天.jpg */ = {isa = PBXFileReference; lastKnownFileType = image.jpeg; path = "遮天.jpg"; sourceTree = "<group>"; };
		EF8DDC52242246730091462B /* 民调局异闻录.jpg */ = {isa = PBXFileReference; lastKnownFileType = image.jpeg; path = "民调局异闻录.jpg"; sourceTree = "<group>"; };
		EF8DDC54242246730091462B /* Avatar1.jpeg */ = {isa = PBXFileReference; lastKnownFileType = image.jpeg; path = Avatar1.jpeg; sourceTree = "<group>"; };
		EF8DDC55242246730091462B /* 神印王座.txt */ = {isa = PBXFileReference; fileEncoding = 4; lastKnownFileType = text; path = "神印王座.txt"; sourceTree = "<group>"; };
		EF8DDC56242246730091462B /* QLReadPageViewController.m */ = {isa = PBXFileReference; fileEncoding = 4; lastKnownFileType = sourcecode.c.objc; path = QLReadPageViewController.m; sourceTree = "<group>"; };
		EF8DDC57242246730091462B /* QLReadPageViewController.h */ = {isa = PBXFileReference; fileEncoding = 4; lastKnownFileType = sourcecode.c.h; path = QLReadPageViewController.h; sourceTree = "<group>"; };
		EF8DDC59242246730091462B /* QLReadConfig.h */ = {isa = PBXFileReference; fileEncoding = 4; lastKnownFileType = sourcecode.c.h; path = QLReadConfig.h; sourceTree = "<group>"; };
		EF8DDC5B242246730091462B /* klotFeedVC.m */ = {isa = PBXFileReference; fileEncoding = 4; lastKnownFileType = sourcecode.c.objc; path = klotFeedVC.m; sourceTree = "<group>"; };
		EF8DDC5C242246730091462B /* UIImage+ImageEffects.h */ = {isa = PBXFileReference; fileEncoding = 4; lastKnownFileType = sourcecode.c.h; path = "UIImage+ImageEffects.h"; sourceTree = "<group>"; };
		EF8DDC77242246730091462B /* klotFeedVC.h */ = {isa = PBXFileReference; fileEncoding = 4; lastKnownFileType = sourcecode.c.h; path = klotFeedVC.h; sourceTree = "<group>"; };
		EF8DDC78242246730091462B /* UIImage+ImageEffects.m */ = {isa = PBXFileReference; fileEncoding = 4; lastKnownFileType = sourcecode.c.objc; path = "UIImage+ImageEffects.m"; sourceTree = "<group>"; };
		EF8DDC79242246730091462B /* QLReadParser.h */ = {isa = PBXFileReference; fileEncoding = 4; lastKnownFileType = sourcecode.c.h; path = QLReadParser.h; sourceTree = "<group>"; };
		EF8DDC7A242246730091462B /* QLReadConfig.m */ = {isa = PBXFileReference; fileEncoding = 4; lastKnownFileType = sourcecode.c.objc; path = QLReadConfig.m; sourceTree = "<group>"; };
		EF8DDC7B242246730091462B /* QLReadParser.m */ = {isa = PBXFileReference; fileEncoding = 4; lastKnownFileType = sourcecode.c.objc; path = QLReadParser.m; sourceTree = "<group>"; };
		EF8DDC7C242246730091462B /* ReaderHomeViewController.h */ = {isa = PBXFileReference; fileEncoding = 4; lastKnownFileType = sourcecode.c.h; path = ReaderHomeViewController.h; sourceTree = "<group>"; };
		EF8DDC7E242246730091462B /* QLBottomMenuView.h */ = {isa = PBXFileReference; fileEncoding = 4; lastKnownFileType = sourcecode.c.h; path = QLBottomMenuView.h; sourceTree = "<group>"; };
		EF8DDC7F242246730091462B /* QLTopMenuView.h */ = {isa = PBXFileReference; fileEncoding = 4; lastKnownFileType = sourcecode.c.h; path = QLTopMenuView.h; sourceTree = "<group>"; };
		EF8DDC80242246730091462B /* ReaderHomeView.h */ = {isa = PBXFileReference; fileEncoding = 4; lastKnownFileType = sourcecode.c.h; path = ReaderHomeView.h; sourceTree = "<group>"; };
		EF8DDC81242246730091462B /* QLtapMenuView.m */ = {isa = PBXFileReference; fileEncoding = 4; lastKnownFileType = sourcecode.c.objc; path = QLtapMenuView.m; sourceTree = "<group>"; };
		EF8DDC82242246730091462B /* QLReadView.m */ = {isa = PBXFileReference; fileEncoding = 4; lastKnownFileType = sourcecode.c.objc; path = QLReadView.m; sourceTree = "<group>"; };
		EF8DDC83242246730091462B /* PersonPageView.m */ = {isa = PBXFileReference; fileEncoding = 4; lastKnownFileType = sourcecode.c.objc; path = PersonPageView.m; sourceTree = "<group>"; };
		EF8DDC84242246730091462B /* ReaderHomeView.m */ = {isa = PBXFileReference; fileEncoding = 4; lastKnownFileType = sourcecode.c.objc; path = ReaderHomeView.m; sourceTree = "<group>"; };
		EF8DDC85242246730091462B /* QLTopMenuView.m */ = {isa = PBXFileReference; fileEncoding = 4; lastKnownFileType = sourcecode.c.objc; path = QLTopMenuView.m; sourceTree = "<group>"; };
		EF8DDC86242246730091462B /* QLBottomMenuView.m */ = {isa = PBXFileReference; fileEncoding = 4; lastKnownFileType = sourcecode.c.objc; path = QLBottomMenuView.m; sourceTree = "<group>"; };
		EF8DDC87242246730091462B /* QLtapMenuView.h */ = {isa = PBXFileReference; fileEncoding = 4; lastKnownFileType = sourcecode.c.h; path = QLtapMenuView.h; sourceTree = "<group>"; };
		EF8DDC88242246730091462B /* PersonPageView.h */ = {isa = PBXFileReference; fileEncoding = 4; lastKnownFileType = sourcecode.c.h; path = PersonPageView.h; sourceTree = "<group>"; };
		EF8DDC89242246730091462B /* QLReadView.h */ = {isa = PBXFileReference; fileEncoding = 4; lastKnownFileType = sourcecode.c.h; path = QLReadView.h; sourceTree = "<group>"; };
		EF8DDC8A242246730091462B /* PersonalCenterPageViewController.m */ = {isa = PBXFileReference; fileEncoding = 4; lastKnownFileType = sourcecode.c.objc; path = PersonalCenterPageViewController.m; sourceTree = "<group>"; };
		EF8DDC8B242246730091462B /* QLMenuCataLogViewController.m */ = {isa = PBXFileReference; fileEncoding = 4; lastKnownFileType = sourcecode.c.objc; path = QLMenuCataLogViewController.m; sourceTree = "<group>"; };
		EF8DDC8C242246730091462B /* QLReadViewController.m */ = {isa = PBXFileReference; fileEncoding = 4; lastKnownFileType = sourcecode.c.objc; path = QLReadViewController.m; sourceTree = "<group>"; };
		EF8DDC8D242246730091462B /* QLMenuCataLogViewController.h */ = {isa = PBXFileReference; fileEncoding = 4; lastKnownFileType = sourcecode.c.h; path = QLMenuCataLogViewController.h; sourceTree = "<group>"; };
		EF8DDC8F242246730091462B /* QLReadRecordModel.h */ = {isa = PBXFileReference; fileEncoding = 4; lastKnownFileType = sourcecode.c.h; path = QLReadRecordModel.h; sourceTree = "<group>"; };
		EF8DDC90242246730091462B /* QLReadBookModel.h */ = {isa = PBXFileReference; fileEncoding = 4; lastKnownFileType = sourcecode.c.h; path = QLReadBookModel.h; sourceTree = "<group>"; };
		EF8DDC91242246730091462B /* QLReaderChapterModel.h */ = {isa = PBXFileReference; fileEncoding = 4; lastKnownFileType = sourcecode.c.h; path = QLReaderChapterModel.h; sourceTree = "<group>"; };
		EF8DDC92242246730091462B /* QLReadRecordModel.m */ = {isa = PBXFileReference; fileEncoding = 4; lastKnownFileType = sourcecode.c.objc; path = QLReadRecordModel.m; sourceTree = "<group>"; };
		EF8DDC93242246730091462B /* QLReaderChapterModel.m */ = {isa = PBXFileReference; fileEncoding = 4; lastKnownFileType = sourcecode.c.objc; path = QLReaderChapterModel.m; sourceTree = "<group>"; };
		EF8DDC94242246730091462B /* QLReadBookModel.m */ = {isa = PBXFileReference; fileEncoding = 4; lastKnownFileType = sourcecode.c.objc; path = QLReadBookModel.m; sourceTree = "<group>"; };
		EF8DDC96242246740091462B /* QLMenuChapterVC.m */ = {isa = PBXFileReference; fileEncoding = 4; lastKnownFileType = sourcecode.c.objc; path = QLMenuChapterVC.m; sourceTree = "<group>"; };
		EF8DDC97242246740091462B /* QLMenuChapterVC.h */ = {isa = PBXFileReference; fileEncoding = 4; lastKnownFileType = sourcecode.c.h; path = QLMenuChapterVC.h; sourceTree = "<group>"; };
		EF8DDC98242246740091462B /* ReaderHomeViewController.m */ = {isa = PBXFileReference; fileEncoding = 4; lastKnownFileType = sourcecode.c.objc; path = ReaderHomeViewController.m; sourceTree = "<group>"; };
		EF8DDC99242246740091462B /* QLReadHeader.pch */ = {isa = PBXFileReference; fileEncoding = 4; lastKnownFileType = sourcecode.c.h; path = QLReadHeader.pch; sourceTree = "<group>"; };
		EF913E462428900800117454 /* QLTapMenuViewController.h */ = {isa = PBXFileReference; lastKnownFileType = sourcecode.c.h; path = QLTapMenuViewController.h; sourceTree = "<group>"; };
		EF913E472428900800117454 /* QLTapMenuViewController.m */ = {isa = PBXFileReference; lastKnownFileType = sourcecode.c.objc; path = QLTapMenuViewController.m; sourceTree = "<group>"; };
		EF9FE5CA2429F6D200C04404 /* BookSettingsViewController.h */ = {isa = PBXFileReference; lastKnownFileType = sourcecode.c.h; path = BookSettingsViewController.h; sourceTree = "<group>"; };
		EF9FE5CB2429F6D200C04404 /* BookSettingsViewController.m */ = {isa = PBXFileReference; lastKnownFileType = sourcecode.c.objc; path = BookSettingsViewController.m; sourceTree = "<group>"; };
		EF9FE5CD2429F6F200C04404 /* BookSettingsView.h */ = {isa = PBXFileReference; lastKnownFileType = sourcecode.c.h; path = BookSettingsView.h; sourceTree = "<group>"; };
		EF9FE5CE2429F6F200C04404 /* BookSettingsView.m */ = {isa = PBXFileReference; lastKnownFileType = sourcecode.c.objc; path = BookSettingsView.m; sourceTree = "<group>"; };
/* End PBXFileReference section */

/* Begin PBXFrameworksBuildPhase section */
		EF8DDC1E242246010091462B /* Frameworks */ = {
			isa = PBXFrameworksBuildPhase;
			buildActionMask = 2147483647;
			files = (
			);
			runOnlyForDeploymentPostprocessing = 0;
		};
/* End PBXFrameworksBuildPhase section */

/* Begin PBXGroup section */
		EF8DDC18242246010091462B = {
			isa = PBXGroup;
			children = (
				EF8DDC23242246010091462B /* QLReader */,
				EF8DDC22242246010091462B /* Products */,
			);
			sourceTree = "<group>";
		};
		EF8DDC22242246010091462B /* Products */ = {
			isa = PBXGroup;
			children = (
				EF8DDC21242246010091462B /* QLReader.app */,
			);
			name = Products;
			sourceTree = "<group>";
		};
		EF8DDC23242246010091462B /* QLReader */ = {
			isa = PBXGroup;
			children = (
				EF913E462428900800117454 /* QLTapMenuViewController.h */,
				EF913E472428900800117454 /* QLTapMenuViewController.m */,
				EF8DDC8D242246730091462B /* QLMenuCataLogViewController.h */,
				EF8DDC8B242246730091462B /* QLMenuCataLogViewController.m */,
				EF8DDC57242246730091462B /* QLReadPageViewController.h */,
				EF8DDC56242246730091462B /* QLReadPageViewController.m */,
				EF8DDC3E242246730091462B /* QLReadViewController.h */,
				EF8DDC8C242246730091462B /* QLReadViewController.m */,
				EF8DDC3D242246730091462B /* PersonalCenterPageViewController.h */,
				EF8DDC8A242246730091462B /* PersonalCenterPageViewController.m */,
				EF9FE5CA2429F6D200C04404 /* BookSettingsViewController.h */,
				EF9FE5CB2429F6D200C04404 /* BookSettingsViewController.m */,
				EF8DDC7C242246730091462B /* ReaderHomeViewController.h */,
				EF8DDC98242246740091462B /* ReaderHomeViewController.m */,
				EF8DDC58242246730091462B /* Core */,
				EF8DDC95242246740091462B /* MenuCatalogVc */,
				EF8DDC8E242246730091462B /* Model */,
				EF8DDC3F242246730091462B /* Resource */,
				EF8DDC7D242246730091462B /* View */,
				EF8DDC24242246010091462B /* AppDelegate.h */,
				EF8DDC25242246010091462B /* AppDelegate.m */,
				EF8DDC27242246010091462B /* SceneDelegate.h */,
				EF8DDC28242246010091462B /* SceneDelegate.m */,
				EF8DDC2A242246010091462B /* ViewController.h */,
				EF8DDC2B242246010091462B /* ViewController.m */,
				EF8DDC99242246740091462B /* QLReadHeader.pch */,
				EF8DDC2D242246010091462B /* Main.storyboard */,
				EF8DDC30242246040091462B /* Assets.xcassets */,
				EF8DDC32242246040091462B /* LaunchScreen.storyboard */,
				EF8DDC35242246040091462B /* Info.plist */,
				EF8DDC36242246040091462B /* main.m */,
			);
			path = QLReader;
			sourceTree = "<group>";
		};
		EF8DDC3F242246730091462B /* Resource */ = {
			isa = PBXGroup;
			children = (
				EF545C95242C884A00377E01 /* bookMarkTag.png */,
				EF545C96242C884A00377E01 /* Mark@2x.png */,
				EF545C8D242C598C00377E01 /* PersonalCenterIcon@2x.png */,
				EF545C8C242C598C00377E01 /* ReadingIcon@2x.png */,
				EF545C8E242C598C00377E01 /* SettingsIcon@2x.png */,
				EF8DDC40242246730091462B /* 最强全才.txt */,
				EF8DDC41242246730091462B /* reader_cover.png */,
				EF8DDC42242246730091462B /* bg_back_white.png */,
				EF8DDC44242246730091462B /* Personalpage.jpg */,
				EF8DDC45242246730091462B /* 大主宰.txt */,
				EF8DDC46242246730091462B /* 按钮.png */,
				EF8DDC47242246730091462B /* 斗破苍穹.txt */,
				EF8DDC48242246730091462B /* BookCover.jpg */,
				EF8DDC49242246730091462B /* 遮天.txt */,
				EF8DDC4A242246730091462B /* 民调局异闻录.txt */,
				EF8DDC4B242246730091462B /* HomePage.jpg */,
				EF8DDC54242246730091462B /* Avatar1.jpeg */,
				EF8DDC55242246730091462B /* 神印王座.txt */,
				EF8DDC4C242246730091462B /* 小说封面 */,
			);
			path = Resource;
			sourceTree = "<group>";
		};
		EF8DDC4C242246730091462B /* 小说封面 */ = {
			isa = PBXGroup;
			children = (
				EF8DDC4D242246730091462B /* 最强全才.jpg */,
				EF8DDC4E242246730091462B /* 神印王座.jpg */,
				EF8DDC4F242246730091462B /* 斗破苍穹.jpg */,
				EF8DDC50242246730091462B /* 大主宰.jpg */,
				EF8DDC51242246730091462B /* 遮天.jpg */,
				EF8DDC52242246730091462B /* 民调局异闻录.jpg */,
			);
			path = "小说封面";
			sourceTree = "<group>";
		};
		EF8DDC58242246730091462B /* Core */ = {
			isa = PBXGroup;
			children = (
				EF8DDC5A242246730091462B /* Third */,
				EF8DDC59242246730091462B /* QLReadConfig.h */,
				EF8DDC7A242246730091462B /* QLReadConfig.m */,
				EF8DDC79242246730091462B /* QLReadParser.h */,
				EF8DDC7B242246730091462B /* QLReadParser.m */,
			);
			path = Core;
			sourceTree = "<group>";
		};
		EF8DDC5A242246730091462B /* Third */ = {
			isa = PBXGroup;
			children = (
				EF8DDC77242246730091462B /* klotFeedVC.h */,
				EF8DDC5B242246730091462B /* klotFeedVC.m */,
				EF8DDC5C242246730091462B /* UIImage+ImageEffects.h */,
				EF8DDC78242246730091462B /* UIImage+ImageEffects.m */,
			);
			path = Third;
			sourceTree = "<group>";
		};
		EF8DDC7D242246730091462B /* View */ = {
			isa = PBXGroup;
			children = (
				EF8DDC80242246730091462B /* ReaderHomeView.h */,
				EF8DDC84242246730091462B /* ReaderHomeView.m */,
				EF9FE5CD2429F6F200C04404 /* BookSettingsView.h */,
				EF9FE5CE2429F6F200C04404 /* BookSettingsView.m */,
				EF8DDC88242246730091462B /* PersonPageView.h */,
				EF8DDC83242246730091462B /* PersonPageView.m */,
				EF8DDC7F242246730091462B /* QLTopMenuView.h */,
				EF8DDC85242246730091462B /* QLTopMenuView.m */,
				EF8DDC7E242246730091462B /* QLBottomMenuView.h */,
				EF8DDC86242246730091462B /* QLBottomMenuView.m */,
				EF8DDC87242246730091462B /* QLtapMenuView.h */,
				EF8DDC81242246730091462B /* QLtapMenuView.m */,
				EF8DDC89242246730091462B /* QLReadView.h */,
				EF8DDC82242246730091462B /* QLReadView.m */,
			);
			path = View;
			sourceTree = "<group>";
		};
		EF8DDC8E242246730091462B /* Model */ = {
			isa = PBXGroup;
			children = (
				EF8DDC8F242246730091462B /* QLReadRecordModel.h */,
				EF8DDC92242246730091462B /* QLReadRecordModel.m */,
				EF8DDC91242246730091462B /* QLReaderChapterModel.h */,
				EF8DDC93242246730091462B /* QLReaderChapterModel.m */,
				EF8DDC90242246730091462B /* QLReadBookModel.h */,
				EF8DDC94242246730091462B /* QLReadBookModel.m */,
				EF545C92242C84BC00377E01 /* QLMarkModel.h */,
				EF545C93242C84BC00377E01 /* QLMarkModel.m */,
			);
			path = Model;
			sourceTree = "<group>";
		};
		EF8DDC95242246740091462B /* MenuCatalogVc */ = {
			isa = PBXGroup;
			children = (
				EF8DDC97242246740091462B /* QLMenuChapterVC.h */,
				EF8DDC96242246740091462B /* QLMenuChapterVC.m */,
				EF545C99242C976B00377E01 /* QLBookMarkVC.h */,
				EF545C9A242C976B00377E01 /* QLBookMarkVC.m */,
			);
			path = MenuCatalogVc;
			sourceTree = "<group>";
		};
/* End PBXGroup section */

/* Begin PBXNativeTarget section */
		EF8DDC20242246010091462B /* QLReader */ = {
			isa = PBXNativeTarget;
			buildConfigurationList = EF8DDC3A242246040091462B /* Build configuration list for PBXNativeTarget "QLReader" */;
			buildPhases = (
				EF8DDC1D242246010091462B /* Sources */,
				EF8DDC1E242246010091462B /* Frameworks */,
				EF8DDC1F242246010091462B /* Resources */,
			);
			buildRules = (
			);
			dependencies = (
			);
			name = QLReader;
			productName = QLReader;
			productReference = EF8DDC21242246010091462B /* QLReader.app */;
			productType = "com.apple.product-type.application";
		};
/* End PBXNativeTarget section */

/* Begin PBXProject section */
		EF8DDC19242246010091462B /* Project object */ = {
			isa = PBXProject;
			attributes = {
				LastUpgradeCheck = 1110;
				ORGANIZATIONNAME = Yimmm;
				TargetAttributes = {
					EF8DDC20242246010091462B = {
						CreatedOnToolsVersion = 11.1;
					};
				};
			};
			buildConfigurationList = EF8DDC1C242246010091462B /* Build configuration list for PBXProject "QLReader" */;
			compatibilityVersion = "Xcode 9.3";
			developmentRegion = en;
			hasScannedForEncodings = 0;
			knownRegions = (
				en,
				Base,
			);
			mainGroup = EF8DDC18242246010091462B;
			productRefGroup = EF8DDC22242246010091462B /* Products */;
			projectDirPath = "";
			projectRoot = "";
			targets = (
				EF8DDC20242246010091462B /* QLReader */,
			);
		};
/* End PBXProject section */

/* Begin PBXResourcesBuildPhase section */
		EF8DDC1F242246010091462B /* Resources */ = {
			isa = PBXResourcesBuildPhase;
			buildActionMask = 2147483647;
			files = (
				EF545C98242C884A00377E01 /* Mark@2x.png in Resources */,
				EF8DDCAA242246740091462B /* 遮天.jpg in Resources */,
				EF8DDCA4242246740091462B /* 民调局异闻录.txt in Resources */,
				EF8DDCAD242246740091462B /* Avatar1.jpeg in Resources */,
				EF8DDCA5242246740091462B /* HomePage.jpg in Resources */,
				EF8DDCA8242246740091462B /* 斗破苍穹.jpg in Resources */,
				EF8DDCA7242246740091462B /* 神印王座.jpg in Resources */,
				EF8DDCA9242246740091462B /* 大主宰.jpg in Resources */,
				EF8DDCA3242246740091462B /* 遮天.txt in Resources */,
				EF8DDCA1242246740091462B /* 斗破苍穹.txt in Resources */,
				EF8DDCA0242246740091462B /* 按钮.png in Resources */,
				EF8DDCA2242246740091462B /* BookCover.jpg in Resources */,
				EF8DDCA6242246740091462B /* 最强全才.jpg in Resources */,
				EF8DDC9F242246740091462B /* 大主宰.txt in Resources */,
				EF8DDCAE242246740091462B /* 神印王座.txt in Resources */,
				EF8DDC9E242246740091462B /* Personalpage.jpg in Resources */,
				EF545C90242C598D00377E01 /* PersonalCenterIcon@2x.png in Resources */,
				EF8DDC34242246040091462B /* LaunchScreen.storyboard in Resources */,
				EF8DDC9A242246740091462B /* 最强全才.txt in Resources */,
				EF8DDCAB242246740091462B /* 民调局异闻录.jpg in Resources */,
				EF545C8F242C598D00377E01 /* ReadingIcon@2x.png in Resources */,
				EF545C97242C884A00377E01 /* bookMarkTag.png in Resources */,
				EF545C91242C598D00377E01 /* SettingsIcon@2x.png in Resources */,
				EF8DDC9B242246740091462B /* reader_cover.png in Resources */,
				EF8DDC9C242246740091462B /* bg_back_white.png in Resources */,
				EF8DDC31242246040091462B /* Assets.xcassets in Resources */,
				EF8DDC2F242246010091462B /* Main.storyboard in Resources */,
			);
			runOnlyForDeploymentPostprocessing = 0;
		};
/* End PBXResourcesBuildPhase section */

/* Begin PBXSourcesBuildPhase section */
		EF8DDC1D242246010091462B /* Sources */ = {
			isa = PBXSourcesBuildPhase;
			buildActionMask = 2147483647;
			files = (
				EF8DDCCB242246740091462B /* ReaderHomeViewController.m in Sources */,
				EF8DDCBC242246740091462B /* QLReadConfig.m in Sources */,
				EF8DDCC8242246740091462B /* QLReaderChapterModel.m in Sources */,
				EF8DDCC2242246740091462B /* QLTopMenuView.m in Sources */,
				EF545C94242C84BC00377E01 /* QLMarkModel.m in Sources */,
				EF9FE5CF2429F6F200C04404 /* BookSettingsView.m in Sources */,
				EF8DDC2C242246010091462B /* ViewController.m in Sources */,
				EF8DDCC3242246740091462B /* QLBottomMenuView.m in Sources */,
				EF8DDCBF242246740091462B /* QLReadView.m in Sources */,
				EF8DDC26242246010091462B /* AppDelegate.m in Sources */,
				EF8DDCC6242246740091462B /* QLReadViewController.m in Sources */,
				EF8DDCB0242246740091462B /* klotFeedVC.m in Sources */,
				EF8DDCC4242246740091462B /* PersonalCenterPageViewController.m in Sources */,
				EF8DDCC7242246740091462B /* QLReadRecordModel.m in Sources */,
				EF8DDC37242246040091462B /* main.m in Sources */,
				EF9FE5CC2429F6D200C04404 /* BookSettingsViewController.m in Sources */,
				EF8DDCBD242246740091462B /* QLReadParser.m in Sources */,
				EF545C9B242C976B00377E01 /* QLBookMarkVC.m in Sources */,
				EF8DDCAF242246740091462B /* QLReadPageViewController.m in Sources */,
				EF8DDCBE242246740091462B /* QLtapMenuView.m in Sources */,
				EF8DDCC5242246740091462B /* QLMenuCataLogViewController.m in Sources */,
				EF913E482428900800117454 /* QLTapMenuViewController.m in Sources */,
				EF8DDCC1242246740091462B /* ReaderHomeView.m in Sources */,
				EF8DDCC0242246740091462B /* PersonPageView.m in Sources */,
				EF8DDC29242246010091462B /* SceneDelegate.m in Sources */,
				EF8DDCC9242246740091462B /* QLReadBookModel.m in Sources */,
				EF8DDCCA242246740091462B /* QLMenuChapterVC.m in Sources */,
				EF8DDCBB242246740091462B /* UIImage+ImageEffects.m in Sources */,
			);
			runOnlyForDeploymentPostprocessing = 0;
		};
/* End PBXSourcesBuildPhase section */

/* Begin PBXVariantGroup section */
		EF8DDC2D242246010091462B /* Main.storyboard */ = {
			isa = PBXVariantGroup;
			children = (
				EF8DDC2E242246010091462B /* Base */,
			);
			name = Main.storyboard;
			sourceTree = "<group>";
		};
		EF8DDC32242246040091462B /* LaunchScreen.storyboard */ = {
			isa = PBXVariantGroup;
			children = (
				EF8DDC33242246040091462B /* Base */,
			);
			name = LaunchScreen.storyboard;
			sourceTree = "<group>";
		};
/* End PBXVariantGroup section */

/* Begin XCBuildConfiguration section */
		EF8DDC38242246040091462B /* Debug */ = {
			isa = XCBuildConfiguration;
			buildSettings = {
				ALWAYS_SEARCH_USER_PATHS = NO;
				CLANG_ANALYZER_NONNULL = YES;
				CLANG_ANALYZER_NUMBER_OBJECT_CONVERSION = YES_AGGRESSIVE;
				CLANG_CXX_LANGUAGE_STANDARD = "gnu++14";
				CLANG_CXX_LIBRARY = "libc++";
				CLANG_ENABLE_MODULES = YES;
				CLANG_ENABLE_OBJC_ARC = YES;
				CLANG_ENABLE_OBJC_WEAK = YES;
				CLANG_WARN_BLOCK_CAPTURE_AUTORELEASING = YES;
				CLANG_WARN_BOOL_CONVERSION = YES;
				CLANG_WARN_COMMA = YES;
				CLANG_WARN_CONSTANT_CONVERSION = YES;
				CLANG_WARN_DEPRECATED_OBJC_IMPLEMENTATIONS = YES;
				CLANG_WARN_DIRECT_OBJC_ISA_USAGE = YES_ERROR;
				CLANG_WARN_DOCUMENTATION_COMMENTS = YES;
				CLANG_WARN_EMPTY_BODY = YES;
				CLANG_WARN_ENUM_CONVERSION = YES;
				CLANG_WARN_INFINITE_RECURSION = YES;
				CLANG_WARN_INT_CONVERSION = YES;
				CLANG_WARN_NON_LITERAL_NULL_CONVERSION = YES;
				CLANG_WARN_OBJC_IMPLICIT_RETAIN_SELF = YES;
				CLANG_WARN_OBJC_LITERAL_CONVERSION = YES;
				CLANG_WARN_OBJC_ROOT_CLASS = YES_ERROR;
				CLANG_WARN_RANGE_LOOP_ANALYSIS = YES;
				CLANG_WARN_STRICT_PROTOTYPES = YES;
				CLANG_WARN_SUSPICIOUS_MOVE = YES;
				CLANG_WARN_UNGUARDED_AVAILABILITY = YES_AGGRESSIVE;
				CLANG_WARN_UNREACHABLE_CODE = YES;
				CLANG_WARN__DUPLICATE_METHOD_MATCH = YES;
				COPY_PHASE_STRIP = NO;
				DEBUG_INFORMATION_FORMAT = dwarf;
				ENABLE_STRICT_OBJC_MSGSEND = YES;
				ENABLE_TESTABILITY = YES;
				GCC_C_LANGUAGE_STANDARD = gnu11;
				GCC_DYNAMIC_NO_PIC = NO;
				GCC_NO_COMMON_BLOCKS = YES;
				GCC_OPTIMIZATION_LEVEL = 0;
				GCC_PREPROCESSOR_DEFINITIONS = (
					"DEBUG=1",
					"$(inherited)",
				);
				GCC_WARN_64_TO_32_BIT_CONVERSION = YES;
				GCC_WARN_ABOUT_RETURN_TYPE = YES_ERROR;
				GCC_WARN_UNDECLARED_SELECTOR = YES;
				GCC_WARN_UNINITIALIZED_AUTOS = YES_AGGRESSIVE;
				GCC_WARN_UNUSED_FUNCTION = YES;
				GCC_WARN_UNUSED_VARIABLE = YES;
				IPHONEOS_DEPLOYMENT_TARGET = 13.1;
				MTL_ENABLE_DEBUG_INFO = INCLUDE_SOURCE;
				MTL_FAST_MATH = YES;
				ONLY_ACTIVE_ARCH = YES;
				SDKROOT = iphoneos;
			};
			name = Debug;
		};
		EF8DDC39242246040091462B /* Release */ = {
			isa = XCBuildConfiguration;
			buildSettings = {
				ALWAYS_SEARCH_USER_PATHS = NO;
				CLANG_ANALYZER_NONNULL = YES;
				CLANG_ANALYZER_NUMBER_OBJECT_CONVERSION = YES_AGGRESSIVE;
				CLANG_CXX_LANGUAGE_STANDARD = "gnu++14";
				CLANG_CXX_LIBRARY = "libc++";
				CLANG_ENABLE_MODULES = YES;
				CLANG_ENABLE_OBJC_ARC = YES;
				CLANG_ENABLE_OBJC_WEAK = YES;
				CLANG_WARN_BLOCK_CAPTURE_AUTORELEASING = YES;
				CLANG_WARN_BOOL_CONVERSION = YES;
				CLANG_WARN_COMMA = YES;
				CLANG_WARN_CONSTANT_CONVERSION = YES;
				CLANG_WARN_DEPRECATED_OBJC_IMPLEMENTATIONS = YES;
				CLANG_WARN_DIRECT_OBJC_ISA_USAGE = YES_ERROR;
				CLANG_WARN_DOCUMENTATION_COMMENTS = YES;
				CLANG_WARN_EMPTY_BODY = YES;
				CLANG_WARN_ENUM_CONVERSION = YES;
				CLANG_WARN_INFINITE_RECURSION = YES;
				CLANG_WARN_INT_CONVERSION = YES;
				CLANG_WARN_NON_LITERAL_NULL_CONVERSION = YES;
				CLANG_WARN_OBJC_IMPLICIT_RETAIN_SELF = YES;
				CLANG_WARN_OBJC_LITERAL_CONVERSION = YES;
				CLANG_WARN_OBJC_ROOT_CLASS = YES_ERROR;
				CLANG_WARN_RANGE_LOOP_ANALYSIS = YES;
				CLANG_WARN_STRICT_PROTOTYPES = YES;
				CLANG_WARN_SUSPICIOUS_MOVE = YES;
				CLANG_WARN_UNGUARDED_AVAILABILITY = YES_AGGRESSIVE;
				CLANG_WARN_UNREACHABLE_CODE = YES;
				CLANG_WARN__DUPLICATE_METHOD_MATCH = YES;
				COPY_PHASE_STRIP = NO;
				DEBUG_INFORMATION_FORMAT = "dwarf-with-dsym";
				ENABLE_NS_ASSERTIONS = NO;
				ENABLE_STRICT_OBJC_MSGSEND = YES;
				GCC_C_LANGUAGE_STANDARD = gnu11;
				GCC_NO_COMMON_BLOCKS = YES;
				GCC_WARN_64_TO_32_BIT_CONVERSION = YES;
				GCC_WARN_ABOUT_RETURN_TYPE = YES_ERROR;
				GCC_WARN_UNDECLARED_SELECTOR = YES;
				GCC_WARN_UNINITIALIZED_AUTOS = YES_AGGRESSIVE;
				GCC_WARN_UNUSED_FUNCTION = YES;
				GCC_WARN_UNUSED_VARIABLE = YES;
				IPHONEOS_DEPLOYMENT_TARGET = 13.1;
				MTL_ENABLE_DEBUG_INFO = NO;
				MTL_FAST_MATH = YES;
				SDKROOT = iphoneos;
				VALIDATE_PRODUCT = YES;
			};
			name = Release;
		};
		EF8DDC3B242246040091462B /* Debug */ = {
			isa = XCBuildConfiguration;
			buildSettings = {
				ASSETCATALOG_COMPILER_APPICON_NAME = AppIcon;
				CODE_SIGN_STYLE = Automatic;
				DEVELOPMENT_TEAM = 327SF6A8Y3;
				GCC_PREFIX_HEADER = "$(SRCROOT)/QLReader/QLReadHeader.pch";
				INFOPLIST_FILE = QLReader/Info.plist;
				IPHONEOS_DEPLOYMENT_TARGET = 11.0;
				LD_RUNPATH_SEARCH_PATHS = (
					"$(inherited)",
					"@executable_path/Frameworks",
				);
				PRODUCT_BUNDLE_IDENTIFIER = com.test.protocol.diudiudiu.QLReader;
				PRODUCT_NAME = "$(TARGET_NAME)";
				TARGETED_DEVICE_FAMILY = "1,2";
			};
			name = Debug;
		};
		EF8DDC3C242246040091462B /* Release */ = {
			isa = XCBuildConfiguration;
			buildSettings = {
				ASSETCATALOG_COMPILER_APPICON_NAME = AppIcon;
				CODE_SIGN_STYLE = Automatic;
				DEVELOPMENT_TEAM = 327SF6A8Y3;
				GCC_PREFIX_HEADER = "$(SRCROOT)/QLReader/QLReadHeader.pch";
				INFOPLIST_FILE = QLReader/Info.plist;
				IPHONEOS_DEPLOYMENT_TARGET = 11.0;
				LD_RUNPATH_SEARCH_PATHS = (
					"$(inherited)",
					"@executable_path/Frameworks",
				);
				PRODUCT_BUNDLE_IDENTIFIER = com.test.protocol.diudiudiu.QLReader;
				PRODUCT_NAME = "$(TARGET_NAME)";
				TARGETED_DEVICE_FAMILY = "1,2";
			};
			name = Release;
		};
/* End XCBuildConfiguration section */

/* Begin XCConfigurationList section */
		EF8DDC1C242246010091462B /* Build configuration list for PBXProject "QLReader" */ = {
			isa = XCConfigurationList;
			buildConfigurations = (
				EF8DDC38242246040091462B /* Debug */,
				EF8DDC39242246040091462B /* Release */,
			);
			defaultConfigurationIsVisible = 0;
			defaultConfigurationName = Release;
		};
		EF8DDC3A242246040091462B /* Build configuration list for PBXNativeTarget "QLReader" */ = {
			isa = XCConfigurationList;
			buildConfigurations = (
				EF8DDC3B242246040091462B /* Debug */,
				EF8DDC3C242246040091462B /* Release */,
			);
			defaultConfigurationIsVisible = 0;
			defaultConfigurationName = Release;
		};
/* End XCConfigurationList section */
	};
	rootObject = EF8DDC19242246010091462B /* Project object */;
}
